
Microsoft Visual Studio Solution File, Format Version 12.00
# Visual Studio Version 17
VisualStudioVersion = 17.11.35327.3
MinimumVisualStudioVersion = 10.0.40219.1
Project("{FAE04EC0-301F-11D3-BF4B-00C04F79EFBC}") = "LeetCode", "LeetCode\LeetCode.csproj", "{594D2680-FAD2-4644-8F36-F1718F3727CF}"
EndProject
Global
	GlobalSection(SolutionConfigurationPlatforms) = preSolution
		Debug|Any CPU = Debug|Any CPU
		Release|Any CPU = Release|Any CPU
	EndGlobalSection
	GlobalSection(ProjectConfigurationPlatforms) = postSolution
		{594D2680-FAD2-4644-8F36-F1718F3727CF}.Debug|Any CPU.ActiveCfg = Debug|Any CPU
		{594D2680-FAD2-4644-8F36-F1718F3727CF}.Debug|Any CPU.Build.0 = Debug|Any CPU
		{594D2680-FAD2-4644-8F36-F1718F3727CF}.Release|Any CPU.ActiveCfg = Release|Any CPU
		{594D2680-FAD2-4644-8F36-F1718F3727CF}.Release|Any CPU.Build.0 = Release|Any CPU
	EndGlobalSection
	GlobalSection(SolutionProperties) = preSolution
		HideSolutionNode = FALSE
	EndGlobalSection
	GlobalSection(ExtensibilityGlobals) = postSolution
		SolutionGuid = {3969C189-4A63-4291-B269-58954BB2AF9E}
	EndGlobalSection
EndGlobal
